// !$*UTF8*$!
{
	archiveVersion = 1;
	classes = {
	};
	objectVersion = 46;
	objects = {

/* Begin PBXBuildFile section */
		7344B88C13ABCF8500F4B9CB /* SPQuestion.m in Sources */ = {isa = PBXBuildFile; fileRef = 7344B88B13ABCF8500F4B9CB /* SPQuestion.m */; };
		7344B88F13ABCF8F00F4B9CB /* SPAnswer.m in Sources */ = {isa = PBXBuildFile; fileRef = 7344B88E13ABCF8F00F4B9CB /* SPAnswer.m */; };
		7344B89213ABCF9D00F4B9CB /* SPComment.m in Sources */ = {isa = PBXBuildFile; fileRef = 7344B89113ABCF9D00F4B9CB /* SPComment.m */; };
		7344B89513ABCFAE00F4B9CB /* SPBadge.m in Sources */ = {isa = PBXBuildFile; fileRef = 7344B89413ABCFAE00F4B9CB /* SPBadge.m */; };
		7344B89813ABCFB900F4B9CB /* SPError.m in Sources */ = {isa = PBXBuildFile; fileRef = 7344B89713ABCFB800F4B9CB /* SPError.m */; };
		7344B89B13ABD07E00F4B9CB /* SPTag.m in Sources */ = {isa = PBXBuildFile; fileRef = 7344B89A13ABD07E00F4B9CB /* SPTag.m */; };
		7344B8A813ABF9BD00F4B9CB /* SPGenericViewController.m in Sources */ = {isa = PBXBuildFile; fileRef = 7344B8A713ABF9BD00F4B9CB /* SPGenericViewController.m */; };
		7344B8C213AFBEF400F4B9CB /* Categories.plist in Resources */ = {isa = PBXBuildFile; fileRef = 7344B8C113AFBEF400F4B9CB /* Categories.plist */; };
		7344B8C413AFC28600F4B9CB /* tags.png in Resources */ = {isa = PBXBuildFile; fileRef = 7344B8C313AFC28600F4B9CB /* tags.png */; };
		7344B8C813AFC2AD00F4B9CB /* users.png in Resources */ = {isa = PBXBuildFile; fileRef = 7344B8C713AFC2AD00F4B9CB /* users.png */; };
		7344B8CA13AFC2D000F4B9CB /* comments.png in Resources */ = {isa = PBXBuildFile; fileRef = 7344B8C913AFC2D000F4B9CB /* comments.png */; };
		7344B8CC13AFC2F100F4B9CB /* badges.png in Resources */ = {isa = PBXBuildFile; fileRef = 7344B8CB13AFC2F000F4B9CB /* badges.png */; };
		7344B8CE13AFC2FE00F4B9CB /* answers.png in Resources */ = {isa = PBXBuildFile; fileRef = 7344B8CD13AFC2FD00F4B9CB /* answers.png */; };
		7344B8D013AFC30B00F4B9CB /* questions.png in Resources */ = {isa = PBXBuildFile; fileRef = 7344B8CF13AFC30B00F4B9CB /* questions.png */; };
		7344B8D213AFC32B00F4B9CB /* badge.png in Resources */ = {isa = PBXBuildFile; fileRef = 7344B8D113AFC32B00F4B9CB /* badge.png */; };
		7352AB3013AA4C8600B65CBF /* UIKit.framework in Frameworks */ = {isa = PBXBuildFile; fileRef = 7352AB2F13AA4C8600B65CBF /* UIKit.framework */; };
		7352AB3213AA4C8600B65CBF /* Foundation.framework in Frameworks */ = {isa = PBXBuildFile; fileRef = 7352AB3113AA4C8600B65CBF /* Foundation.framework */; };
		7352AB3413AA4C8600B65CBF /* CoreGraphics.framework in Frameworks */ = {isa = PBXBuildFile; fileRef = 7352AB3313AA4C8600B65CBF /* CoreGraphics.framework */; };
		7352AB3A13AA4C8600B65CBF /* InfoPlist.strings in Resources */ = {isa = PBXBuildFile; fileRef = 7352AB3813AA4C8600B65CBF /* InfoPlist.strings */; };
		7352AB3D13AA4C8600B65CBF /* main.m in Sources */ = {isa = PBXBuildFile; fileRef = 7352AB3C13AA4C8600B65CBF /* main.m */; };
		7352AB4013AA4C8600B65CBF /* StackPadAppDelegate.m in Sources */ = {isa = PBXBuildFile; fileRef = 7352AB3F13AA4C8600B65CBF /* StackPadAppDelegate.m */; };
		7352AB4313AA4C8600B65CBF /* MainWindow.xib in Resources */ = {isa = PBXBuildFile; fileRef = 7352AB4113AA4C8600B65CBF /* MainWindow.xib */; };
		7352AB4913AA4C8600B65CBF /* DetailView.xib in Resources */ = {isa = PBXBuildFile; fileRef = 7352AB4713AA4C8600B65CBF /* DetailView.xib */; };
		7352AB4C13AA4C8600B65CBF /* RootViewController.m in Sources */ = {isa = PBXBuildFile; fileRef = 7352AB4B13AA4C8600B65CBF /* RootViewController.m */; };
		7352AB6113AA57E200B65CBF /* NSObject+SBJSON.m in Sources */ = {isa = PBXBuildFile; fileRef = 7352AB5813AA57E200B65CBF /* NSObject+SBJSON.m */; };
		7352AB6213AA57E200B65CBF /* NSString+SBJSON.m in Sources */ = {isa = PBXBuildFile; fileRef = 7352AB5A13AA57E200B65CBF /* NSString+SBJSON.m */; };
		7352AB6313AA57E200B65CBF /* SBJsonBase.m in Sources */ = {isa = PBXBuildFile; fileRef = 7352AB5C13AA57E200B65CBF /* SBJsonBase.m */; };
		7352AB6413AA57E200B65CBF /* SBJsonParser.m in Sources */ = {isa = PBXBuildFile; fileRef = 7352AB5E13AA57E200B65CBF /* SBJsonParser.m */; };
		7352AB6513AA57E200B65CBF /* SBJsonWriter.m in Sources */ = {isa = PBXBuildFile; fileRef = 7352AB6013AA57E200B65CBF /* SBJsonWriter.m */; };
		7352AB6813AA584600B65CBF /* SPUser.m in Sources */ = {isa = PBXBuildFile; fileRef = 7352AB6713AA584600B65CBF /* SPUser.m */; };
		7352AB6C13AA8E7D00B65CBF /* StackExchangeAPI.m in Sources */ = {isa = PBXBuildFile; fileRef = 7352AB6B13AA8E7D00B65CBF /* StackExchangeAPI.m */; };
		735D788613B0FD9E000A3EDA /* SPType.m in Sources */ = {isa = PBXBuildFile; fileRef = 735D788513B0FD9E000A3EDA /* SPType.m */; };
		73B52E7E13B112E400BA3220 /* SPBaseModel.m in Sources */ = {isa = PBXBuildFile; fileRef = 73B52E7D13B112E400BA3220 /* SPBaseModel.m */; };
		73B52E8013B13B3F00BA3220 /* QuartzCore.framework in Frameworks */ = {isa = PBXBuildFile; fileRef = 73B52E7F13B13B3F00BA3220 /* QuartzCore.framework */; };
		73B52E8313B160B400BA3220 /* SPTableViewCell.m in Sources */ = {isa = PBXBuildFile; fileRef = 73B52E8213B160B400BA3220 /* SPTableViewCell.m */; };
		73B52E8613B2344100BA3220 /* SPBaseModelViewController.m in Sources */ = {isa = PBXBuildFile; fileRef = 73B52E8513B2344100BA3220 /* SPBaseModelViewController.m */; };
		73B52E8813B2431E00BA3220 /* QuestionView.xib in Resources */ = {isa = PBXBuildFile; fileRef = 73B52E8713B2431E00BA3220 /* QuestionView.xib */; };
/* End PBXBuildFile section */

/* Begin PBXFileReference section */
		7344B88A13ABCF8500F4B9CB /* SPQuestion.h */ = {isa = PBXFileReference; fileEncoding = 4; lastKnownFileType = sourcecode.c.h; path = SPQuestion.h; sourceTree = "<group>"; };
		7344B88B13ABCF8500F4B9CB /* SPQuestion.m */ = {isa = PBXFileReference; fileEncoding = 4; lastKnownFileType = sourcecode.c.objc; path = SPQuestion.m; sourceTree = "<group>"; };
		7344B88D13ABCF8F00F4B9CB /* SPAnswer.h */ = {isa = PBXFileReference; fileEncoding = 4; lastKnownFileType = sourcecode.c.h; path = SPAnswer.h; sourceTree = "<group>"; };
		7344B88E13ABCF8F00F4B9CB /* SPAnswer.m */ = {isa = PBXFileReference; fileEncoding = 4; lastKnownFileType = sourcecode.c.objc; path = SPAnswer.m; sourceTree = "<group>"; };
		7344B89013ABCF9D00F4B9CB /* SPComment.h */ = {isa = PBXFileReference; fileEncoding = 4; lastKnownFileType = sourcecode.c.h; path = SPComment.h; sourceTree = "<group>"; };
		7344B89113ABCF9D00F4B9CB /* SPComment.m */ = {isa = PBXFileReference; fileEncoding = 4; lastKnownFileType = sourcecode.c.objc; path = SPComment.m; sourceTree = "<group>"; };
		7344B89313ABCFAE00F4B9CB /* SPBadge.h */ = {isa = PBXFileReference; fileEncoding = 4; lastKnownFileType = sourcecode.c.h; path = SPBadge.h; sourceTree = "<group>"; };
		7344B89413ABCFAE00F4B9CB /* SPBadge.m */ = {isa = PBXFileReference; fileEncoding = 4; lastKnownFileType = sourcecode.c.objc; path = SPBadge.m; sourceTree = "<group>"; };
		7344B89613ABCFB800F4B9CB /* SPError.h */ = {isa = PBXFileReference; fileEncoding = 4; lastKnownFileType = sourcecode.c.h; path = SPError.h; sourceTree = "<group>"; };
		7344B89713ABCFB800F4B9CB /* SPError.m */ = {isa = PBXFileReference; fileEncoding = 4; lastKnownFileType = sourcecode.c.objc; path = SPError.m; sourceTree = "<group>"; };
		7344B89913ABD07D00F4B9CB /* SPTag.h */ = {isa = PBXFileReference; fileEncoding = 4; lastKnownFileType = sourcecode.c.h; path = SPTag.h; sourceTree = "<group>"; };
		7344B89A13ABD07E00F4B9CB /* SPTag.m */ = {isa = PBXFileReference; fileEncoding = 4; lastKnownFileType = sourcecode.c.objc; path = SPTag.m; sourceTree = "<group>"; };
		7344B8A613ABF9BD00F4B9CB /* SPGenericViewController.h */ = {isa = PBXFileReference; fileEncoding = 4; lastKnownFileType = sourcecode.c.h; path = SPGenericViewController.h; sourceTree = "<group>"; };
		7344B8A713ABF9BD00F4B9CB /* SPGenericViewController.m */ = {isa = PBXFileReference; fileEncoding = 4; lastKnownFileType = sourcecode.c.objc; path = SPGenericViewController.m; sourceTree = "<group>"; };
		7344B8C113AFBEF400F4B9CB /* Categories.plist */ = {isa = PBXFileReference; fileEncoding = 4; lastKnownFileType = text.plist.xml; path = Categories.plist; sourceTree = "<group>"; };
		7344B8C313AFC28600F4B9CB /* tags.png */ = {isa = PBXFileReference; lastKnownFileType = image.png; path = tags.png; sourceTree = "<group>"; };
		7344B8C713AFC2AD00F4B9CB /* users.png */ = {isa = PBXFileReference; lastKnownFileType = image.png; path = users.png; sourceTree = "<group>"; };
		7344B8C913AFC2D000F4B9CB /* comments.png */ = {isa = PBXFileReference; lastKnownFileType = image.png; path = comments.png; sourceTree = "<group>"; };
		7344B8CB13AFC2F000F4B9CB /* badges.png */ = {isa = PBXFileReference; lastKnownFileType = image.png; path = badges.png; sourceTree = "<group>"; };
		7344B8CD13AFC2FD00F4B9CB /* answers.png */ = {isa = PBXFileReference; lastKnownFileType = image.png; path = answers.png; sourceTree = "<group>"; };
		7344B8CF13AFC30B00F4B9CB /* questions.png */ = {isa = PBXFileReference; lastKnownFileType = image.png; path = questions.png; sourceTree = "<group>"; };
		7344B8D113AFC32B00F4B9CB /* badge.png */ = {isa = PBXFileReference; lastKnownFileType = image.png; path = badge.png; sourceTree = "<group>"; };
		7352AB2B13AA4C8600B65CBF /* StackPad.app */ = {isa = PBXFileReference; explicitFileType = wrapper.application; includeInIndex = 0; path = StackPad.app; sourceTree = BUILT_PRODUCTS_DIR; };
		7352AB2F13AA4C8600B65CBF /* UIKit.framework */ = {isa = PBXFileReference; lastKnownFileType = wrapper.framework; name = UIKit.framework; path = System/Library/Frameworks/UIKit.framework; sourceTree = SDKROOT; };
		7352AB3113AA4C8600B65CBF /* Foundation.framework */ = {isa = PBXFileReference; lastKnownFileType = wrapper.framework; name = Foundation.framework; path = System/Library/Frameworks/Foundation.framework; sourceTree = SDKROOT; };
		7352AB3313AA4C8600B65CBF /* CoreGraphics.framework */ = {isa = PBXFileReference; lastKnownFileType = wrapper.framework; name = CoreGraphics.framework; path = System/Library/Frameworks/CoreGraphics.framework; sourceTree = SDKROOT; };
		7352AB3713AA4C8600B65CBF /* StackPad-Info.plist */ = {isa = PBXFileReference; lastKnownFileType = text.plist.xml; path = "StackPad-Info.plist"; sourceTree = "<group>"; };
		7352AB3913AA4C8600B65CBF /* en */ = {isa = PBXFileReference; lastKnownFileType = text.plist.strings; name = en; path = en.lproj/InfoPlist.strings; sourceTree = "<group>"; };
		7352AB3B13AA4C8600B65CBF /* StackPad-Prefix.pch */ = {isa = PBXFileReference; lastKnownFileType = sourcecode.c.h; path = "StackPad-Prefix.pch"; sourceTree = "<group>"; };
		7352AB3C13AA4C8600B65CBF /* main.m */ = {isa = PBXFileReference; lastKnownFileType = sourcecode.c.objc; path = main.m; sourceTree = "<group>"; };
		7352AB3E13AA4C8600B65CBF /* StackPadAppDelegate.h */ = {isa = PBXFileReference; lastKnownFileType = sourcecode.c.h; path = StackPadAppDelegate.h; sourceTree = "<group>"; };
		7352AB3F13AA4C8600B65CBF /* StackPadAppDelegate.m */ = {isa = PBXFileReference; lastKnownFileType = sourcecode.c.objc; path = StackPadAppDelegate.m; sourceTree = "<group>"; };
		7352AB4213AA4C8600B65CBF /* en */ = {isa = PBXFileReference; lastKnownFileType = file.xib; name = en; path = en.lproj/MainWindow.xib; sourceTree = "<group>"; };
		7352AB4813AA4C8600B65CBF /* en */ = {isa = PBXFileReference; lastKnownFileType = file.xib; name = en; path = en.lproj/DetailView.xib; sourceTree = "<group>"; };
		7352AB4A13AA4C8600B65CBF /* RootViewController.h */ = {isa = PBXFileReference; lastKnownFileType = sourcecode.c.h; path = RootViewController.h; sourceTree = "<group>"; };
		7352AB4B13AA4C8600B65CBF /* RootViewController.m */ = {isa = PBXFileReference; lastKnownFileType = sourcecode.c.objc; path = RootViewController.m; sourceTree = "<group>"; };
		7352AB5613AA57E200B65CBF /* JSON.h */ = {isa = PBXFileReference; fileEncoding = 4; lastKnownFileType = sourcecode.c.h; path = JSON.h; sourceTree = "<group>"; };
		7352AB5713AA57E200B65CBF /* NSObject+SBJSON.h */ = {isa = PBXFileReference; fileEncoding = 4; lastKnownFileType = sourcecode.c.h; path = "NSObject+SBJSON.h"; sourceTree = "<group>"; };
		7352AB5813AA57E200B65CBF /* NSObject+SBJSON.m */ = {isa = PBXFileReference; fileEncoding = 4; lastKnownFileType = sourcecode.c.objc; path = "NSObject+SBJSON.m"; sourceTree = "<group>"; };
		7352AB5913AA57E200B65CBF /* NSString+SBJSON.h */ = {isa = PBXFileReference; fileEncoding = 4; lastKnownFileType = sourcecode.c.h; path = "NSString+SBJSON.h"; sourceTree = "<group>"; };
		7352AB5A13AA57E200B65CBF /* NSString+SBJSON.m */ = {isa = PBXFileReference; fileEncoding = 4; lastKnownFileType = sourcecode.c.objc; path = "NSString+SBJSON.m"; sourceTree = "<group>"; };
		7352AB5B13AA57E200B65CBF /* SBJsonBase.h */ = {isa = PBXFileReference; fileEncoding = 4; lastKnownFileType = sourcecode.c.h; path = SBJsonBase.h; sourceTree = "<group>"; };
		7352AB5C13AA57E200B65CBF /* SBJsonBase.m */ = {isa = PBXFileReference; fileEncoding = 4; lastKnownFileType = sourcecode.c.objc; path = SBJsonBase.m; sourceTree = "<group>"; };
		7352AB5D13AA57E200B65CBF /* SBJsonParser.h */ = {isa = PBXFileReference; fileEncoding = 4; lastKnownFileType = sourcecode.c.h; path = SBJsonParser.h; sourceTree = "<group>"; };
		7352AB5E13AA57E200B65CBF /* SBJsonParser.m */ = {isa = PBXFileReference; fileEncoding = 4; lastKnownFileType = sourcecode.c.objc; path = SBJsonParser.m; sourceTree = "<group>"; };
		7352AB5F13AA57E200B65CBF /* SBJsonWriter.h */ = {isa = PBXFileReference; fileEncoding = 4; lastKnownFileType = sourcecode.c.h; path = SBJsonWriter.h; sourceTree = "<group>"; };
		7352AB6013AA57E200B65CBF /* SBJsonWriter.m */ = {isa = PBXFileReference; fileEncoding = 4; lastKnownFileType = sourcecode.c.objc; path = SBJsonWriter.m; sourceTree = "<group>"; };
		7352AB6613AA584600B65CBF /* SPUser.h */ = {isa = PBXFileReference; fileEncoding = 4; lastKnownFileType = sourcecode.c.h; path = SPUser.h; sourceTree = "<group>"; };
		7352AB6713AA584600B65CBF /* SPUser.m */ = {isa = PBXFileReference; fileEncoding = 4; lastKnownFileType = sourcecode.c.objc; path = SPUser.m; sourceTree = "<group>"; };
		7352AB6A13AA8E7D00B65CBF /* StackExchangeAPI.h */ = {isa = PBXFileReference; fileEncoding = 4; lastKnownFileType = sourcecode.c.h; path = StackExchangeAPI.h; sourceTree = "<group>"; };
		7352AB6B13AA8E7D00B65CBF /* StackExchangeAPI.m */ = {isa = PBXFileReference; fileEncoding = 4; lastKnownFileType = sourcecode.c.objc; path = StackExchangeAPI.m; sourceTree = "<group>"; };
		735D788413B0FD9E000A3EDA /* SPType.h */ = {isa = PBXFileReference; fileEncoding = 4; lastKnownFileType = sourcecode.c.h; path = SPType.h; sourceTree = "<group>"; };
		735D788513B0FD9E000A3EDA /* SPType.m */ = {isa = PBXFileReference; fileEncoding = 4; lastKnownFileType = sourcecode.c.objc; path = SPType.m; sourceTree = "<group>"; };
		73B52E7C13B112E300BA3220 /* SPBaseModel.h */ = {isa = PBXFileReference; fileEncoding = 4; lastKnownFileType = sourcecode.c.h; path = SPBaseModel.h; sourceTree = "<group>"; };
		73B52E7D13B112E400BA3220 /* SPBaseModel.m */ = {isa = PBXFileReference; fileEncoding = 4; lastKnownFileType = sourcecode.c.objc; path = SPBaseModel.m; sourceTree = "<group>"; };
		73B52E7F13B13B3F00BA3220 /* QuartzCore.framework */ = {isa = PBXFileReference; lastKnownFileType = wrapper.framework; name = QuartzCore.framework; path = System/Library/Frameworks/QuartzCore.framework; sourceTree = SDKROOT; };
		73B52E8113B160B400BA3220 /* SPTableViewCell.h */ = {isa = PBXFileReference; fileEncoding = 4; lastKnownFileType = sourcecode.c.h; path = SPTableViewCell.h; sourceTree = "<group>"; };
		73B52E8213B160B400BA3220 /* SPTableViewCell.m */ = {isa = PBXFileReference; fileEncoding = 4; lastKnownFileType = sourcecode.c.objc; path = SPTableViewCell.m; sourceTree = "<group>"; };
		73B52E8413B2344100BA3220 /* SPBaseModelViewController.h */ = {isa = PBXFileReference; fileEncoding = 4; lastKnownFileType = sourcecode.c.h; path = SPBaseModelViewController.h; sourceTree = "<group>"; };
		73B52E8513B2344100BA3220 /* SPBaseModelViewController.m */ = {isa = PBXFileReference; fileEncoding = 4; lastKnownFileType = sourcecode.c.objc; path = SPBaseModelViewController.m; sourceTree = "<group>"; };
		73B52E8713B2431E00BA3220 /* QuestionView.xib */ = {isa = PBXFileReference; fileEncoding = 4; lastKnownFileType = file.xib; path = QuestionView.xib; sourceTree = "<group>"; };
/* End PBXFileReference section */

/* Begin PBXFrameworksBuildPhase section */
		7352AB2813AA4C8600B65CBF /* Frameworks */ = {
			isa = PBXFrameworksBuildPhase;
			buildActionMask = 2147483647;
			files = (
				73B52E8013B13B3F00BA3220 /* QuartzCore.framework in Frameworks */,
				7352AB3013AA4C8600B65CBF /* UIKit.framework in Frameworks */,
				7352AB3213AA4C8600B65CBF /* Foundation.framework in Frameworks */,
				7352AB3413AA4C8600B65CBF /* CoreGraphics.framework in Frameworks */,
			);
			runOnlyForDeploymentPostprocessing = 0;
		};
/* End PBXFrameworksBuildPhase section */

/* Begin PBXGroup section */
		7344B89C13ABD0B700F4B9CB /* Classes */ = {
			isa = PBXGroup;
			children = (
				7352AB6913AA8E5000B65CBF /* API */,
				7352AB5513AA57C200B65CBF /* Json */,
				7352AB5413AA4E0C00B65CBF /* Views */,
				7352AB5313AA4DFF00B65CBF /* Controllers */,
				7352AB3E13AA4C8600B65CBF /* StackPadAppDelegate.h */,
				7352AB3F13AA4C8600B65CBF /* StackPadAppDelegate.m */,
			);
			name = Classes;
			sourceTree = "<group>";
		};
		7344B8C013AFBDF800F4B9CB /* Resources */ = {
			isa = PBXGroup;
			children = (
				73B52E7B13B1124200BA3220 /* Layouts */,
				73B52E7A13B1123100BA3220 /* Images */,
				7344B8C113AFBEF400F4B9CB /* Categories.plist */,
			);
			name = Resources;
			sourceTree = "<group>";
		};
		7352AB2013AA4C8500B65CBF = {
			isa = PBXGroup;
			children = (
				7344B8C013AFBDF800F4B9CB /* Resources */,
				7352AB3513AA4C8600B65CBF /* StackPad */,
				7352AB2E13AA4C8600B65CBF /* Frameworks */,
				7352AB2C13AA4C8600B65CBF /* Products */,
			);
			sourceTree = "<group>";
		};
		7352AB2C13AA4C8600B65CBF /* Products */ = {
			isa = PBXGroup;
			children = (
				7352AB2B13AA4C8600B65CBF /* StackPad.app */,
			);
			name = Products;
			sourceTree = "<group>";
		};
		7352AB2E13AA4C8600B65CBF /* Frameworks */ = {
			isa = PBXGroup;
			children = (
				73B52E7F13B13B3F00BA3220 /* QuartzCore.framework */,
				7352AB2F13AA4C8600B65CBF /* UIKit.framework */,
				7352AB3113AA4C8600B65CBF /* Foundation.framework */,
				7352AB3313AA4C8600B65CBF /* CoreGraphics.framework */,
			);
			name = Frameworks;
			sourceTree = "<group>";
		};
		7352AB3513AA4C8600B65CBF /* StackPad */ = {
			isa = PBXGroup;
			children = (
				7344B89C13ABD0B700F4B9CB /* Classes */,
				7352AB3613AA4C8600B65CBF /* Supporting Files */,
			);
			path = StackPad;
			sourceTree = "<group>";
		};
		7352AB3613AA4C8600B65CBF /* Supporting Files */ = {
			isa = PBXGroup;
			children = (
				7352AB3713AA4C8600B65CBF /* StackPad-Info.plist */,
				7352AB3813AA4C8600B65CBF /* InfoPlist.strings */,
				7352AB3B13AA4C8600B65CBF /* StackPad-Prefix.pch */,
				7352AB3C13AA4C8600B65CBF /* main.m */,
			);
			name = "Supporting Files";
			sourceTree = "<group>";
		};
		7352AB5213AA4DF800B65CBF /* Models */ = {
			isa = PBXGroup;
			children = (
				7352AB6613AA584600B65CBF /* SPUser.h */,
				7352AB6713AA584600B65CBF /* SPUser.m */,
				7344B88A13ABCF8500F4B9CB /* SPQuestion.h */,
				7344B88B13ABCF8500F4B9CB /* SPQuestion.m */,
				7344B88D13ABCF8F00F4B9CB /* SPAnswer.h */,
				7344B88E13ABCF8F00F4B9CB /* SPAnswer.m */,
				7344B89013ABCF9D00F4B9CB /* SPComment.h */,
				7344B89113ABCF9D00F4B9CB /* SPComment.m */,
				7344B89313ABCFAE00F4B9CB /* SPBadge.h */,
				7344B89413ABCFAE00F4B9CB /* SPBadge.m */,
				7344B89613ABCFB800F4B9CB /* SPError.h */,
				7344B89713ABCFB800F4B9CB /* SPError.m */,
				7344B89913ABD07D00F4B9CB /* SPTag.h */,
				7344B89A13ABD07E00F4B9CB /* SPTag.m */,
				735D788413B0FD9E000A3EDA /* SPType.h */,
				735D788513B0FD9E000A3EDA /* SPType.m */,
				73B52E7C13B112E300BA3220 /* SPBaseModel.h */,
				73B52E7D13B112E400BA3220 /* SPBaseModel.m */,
			);
			name = Models;
			sourceTree = "<group>";
		};
		7352AB5313AA4DFF00B65CBF /* Controllers */ = {
			isa = PBXGroup;
			children = (
				7352AB4A13AA4C8600B65CBF /* RootViewController.h */,
				7352AB4B13AA4C8600B65CBF /* RootViewController.m */,
				7344B8A613ABF9BD00F4B9CB /* SPGenericViewController.h */,
				7344B8A713ABF9BD00F4B9CB /* SPGenericViewController.m */,
				73B52E8413B2344100BA3220 /* SPBaseModelViewController.h */,
				73B52E8513B2344100BA3220 /* SPBaseModelViewController.m */,
			);
			name = Controllers;
			sourceTree = "<group>";
		};
		7352AB5413AA4E0C00B65CBF /* Views */ = {
			isa = PBXGroup;
			children = (
				73B52E8113B160B400BA3220 /* SPTableViewCell.h */,
				73B52E8213B160B400BA3220 /* SPTableViewCell.m */,
			);
			name = Views;
			sourceTree = "<group>";
		};
		7352AB5513AA57C200B65CBF /* Json */ = {
			isa = PBXGroup;
			children = (
				7352AB5613AA57E200B65CBF /* JSON.h */,
				7352AB5713AA57E200B65CBF /* NSObject+SBJSON.h */,
				7352AB5813AA57E200B65CBF /* NSObject+SBJSON.m */,
				7352AB5913AA57E200B65CBF /* NSString+SBJSON.h */,
				7352AB5A13AA57E200B65CBF /* NSString+SBJSON.m */,
				7352AB5B13AA57E200B65CBF /* SBJsonBase.h */,
				7352AB5C13AA57E200B65CBF /* SBJsonBase.m */,
				7352AB5D13AA57E200B65CBF /* SBJsonParser.h */,
				7352AB5E13AA57E200B65CBF /* SBJsonParser.m */,
				7352AB5F13AA57E200B65CBF /* SBJsonWriter.h */,
				7352AB6013AA57E200B65CBF /* SBJsonWriter.m */,
			);
			name = Json;
			sourceTree = "<group>";
		};
		7352AB6913AA8E5000B65CBF /* API */ = {
			isa = PBXGroup;
			children = (
				7352AB5213AA4DF800B65CBF /* Models */,
				7352AB6A13AA8E7D00B65CBF /* StackExchangeAPI.h */,
				7352AB6B13AA8E7D00B65CBF /* StackExchangeAPI.m */,
			);
			name = API;
			sourceTree = "<group>";
		};
		73B52E7A13B1123100BA3220 /* Images */ = {
			isa = PBXGroup;
			children = (
				7344B8D113AFC32B00F4B9CB /* badge.png */,
				7344B8C913AFC2D000F4B9CB /* comments.png */,
				7344B8CF13AFC30B00F4B9CB /* questions.png */,
				7344B8CB13AFC2F000F4B9CB /* badges.png */,
				7344B8CD13AFC2FD00F4B9CB /* answers.png */,
				7344B8C713AFC2AD00F4B9CB /* users.png */,
				7344B8C313AFC28600F4B9CB /* tags.png */,
			);
			name = Images;
			sourceTree = "<group>";
		};
		73B52E7B13B1124200BA3220 /* Layouts */ = {
			isa = PBXGroup;
			children = (
				7352AB4113AA4C8600B65CBF /* MainWindow.xib */,
				7352AB4713AA4C8600B65CBF /* DetailView.xib */,
				73B52E8713B2431E00BA3220 /* QuestionView.xib */,
			);
			name = Layouts;
			sourceTree = "<group>";
		};
/* End PBXGroup section */

/* Begin PBXNativeTarget section */
		7352AB2A13AA4C8600B65CBF /* StackPad */ = {
			isa = PBXNativeTarget;
			buildConfigurationList = 7352AB4F13AA4C8600B65CBF /* Build configuration list for PBXNativeTarget "StackPad" */;
			buildPhases = (
				7352AB2713AA4C8600B65CBF /* Sources */,
				7352AB2813AA4C8600B65CBF /* Frameworks */,
				7352AB2913AA4C8600B65CBF /* Resources */,
			);
			buildRules = (
			);
			dependencies = (
			);
			name = StackPad;
			productName = StackPad;
			productReference = 7352AB2B13AA4C8600B65CBF /* StackPad.app */;
			productType = "com.apple.product-type.application";
		};
/* End PBXNativeTarget section */

/* Begin PBXProject section */
		7352AB2213AA4C8500B65CBF /* Project object */ = {
			isa = PBXProject;
			attributes = {
				ORGANIZATIONNAME = Mobilitea;
			};
			buildConfigurationList = 7352AB2513AA4C8500B65CBF /* Build configuration list for PBXProject "StackPad" */;
			compatibilityVersion = "Xcode 3.2";
			developmentRegion = English;
			hasScannedForEncodings = 0;
			knownRegions = (
				en,
			);
			mainGroup = 7352AB2013AA4C8500B65CBF;
			productRefGroup = 7352AB2C13AA4C8600B65CBF /* Products */;
			projectDirPath = "";
			projectRoot = "";
			targets = (
				7352AB2A13AA4C8600B65CBF /* StackPad */,
			);
		};
/* End PBXProject section */

/* Begin PBXResourcesBuildPhase section */
		7352AB2913AA4C8600B65CBF /* Resources */ = {
			isa = PBXResourcesBuildPhase;
			buildActionMask = 2147483647;
			files = (
				7352AB3A13AA4C8600B65CBF /* InfoPlist.strings in Resources */,
				7352AB4313AA4C8600B65CBF /* MainWindow.xib in Resources */,
				7352AB4913AA4C8600B65CBF /* DetailView.xib in Resources */,
				7344B8C213AFBEF400F4B9CB /* Categories.plist in Resources */,
				7344B8C413AFC28600F4B9CB /* tags.png in Resources */,
				7344B8C813AFC2AD00F4B9CB /* users.png in Resources */,
				7344B8CA13AFC2D000F4B9CB /* comments.png in Resources */,
				7344B8CC13AFC2F100F4B9CB /* badges.png in Resources */,
				7344B8CE13AFC2FE00F4B9CB /* answers.png in Resources */,
				7344B8D013AFC30B00F4B9CB /* questions.png in Resources */,
				7344B8D213AFC32B00F4B9CB /* badge.png in Resources */,
				73B52E8813B2431E00BA3220 /* QuestionView.xib in Resources */,
			);
			runOnlyForDeploymentPostprocessing = 0;
		};
/* End PBXResourcesBuildPhase section */

/* Begin PBXSourcesBuildPhase section */
		7352AB2713AA4C8600B65CBF /* Sources */ = {
			isa = PBXSourcesBuildPhase;
			buildActionMask = 2147483647;
			files = (
				7352AB3D13AA4C8600B65CBF /* main.m in Sources */,
				7352AB4013AA4C8600B65CBF /* StackPadAppDelegate.m in Sources */,
				7352AB4C13AA4C8600B65CBF /* RootViewController.m in Sources */,
				7352AB6113AA57E200B65CBF /* NSObject+SBJSON.m in Sources */,
				7352AB6213AA57E200B65CBF /* NSString+SBJSON.m in Sources */,
				7352AB6313AA57E200B65CBF /* SBJsonBase.m in Sources */,
				7352AB6413AA57E200B65CBF /* SBJsonParser.m in Sources */,
				7352AB6513AA57E200B65CBF /* SBJsonWriter.m in Sources */,
				7352AB6813AA584600B65CBF /* SPUser.m in Sources */,
				7352AB6C13AA8E7D00B65CBF /* StackExchangeAPI.m in Sources */,
				7344B88C13ABCF8500F4B9CB /* SPQuestion.m in Sources */,
				7344B88F13ABCF8F00F4B9CB /* SPAnswer.m in Sources */,
				7344B89213ABCF9D00F4B9CB /* SPComment.m in Sources */,
				7344B89513ABCFAE00F4B9CB /* SPBadge.m in Sources */,
				7344B89813ABCFB900F4B9CB /* SPError.m in Sources */,
				7344B89B13ABD07E00F4B9CB /* SPTag.m in Sources */,
				7344B8A813ABF9BD00F4B9CB /* SPGenericViewController.m in Sources */,
				735D788613B0FD9E000A3EDA /* SPType.m in Sources */,
				73B52E7E13B112E400BA3220 /* SPBaseModel.m in Sources */,
				73B52E8313B160B400BA3220 /* SPTableViewCell.m in Sources */,
				73B52E8613B2344100BA3220 /* SPBaseModelViewController.m in Sources */,
			);
			runOnlyForDeploymentPostprocessing = 0;
		};
/* End PBXSourcesBuildPhase section */

/* Begin PBXVariantGroup section */
		7352AB3813AA4C8600B65CBF /* InfoPlist.strings */ = {
			isa = PBXVariantGroup;
			children = (
				7352AB3913AA4C8600B65CBF /* en */,
			);
			name = InfoPlist.strings;
			sourceTree = "<group>";
		};
		7352AB4113AA4C8600B65CBF /* MainWindow.xib */ = {
			isa = PBXVariantGroup;
			children = (
				7352AB4213AA4C8600B65CBF /* en */,
			);
			name = MainWindow.xib;
			path = StackPad;
			sourceTree = "<group>";
		};
		7352AB4713AA4C8600B65CBF /* DetailView.xib */ = {
			isa = PBXVariantGroup;
			children = (
				7352AB4813AA4C8600B65CBF /* en */,
			);
			name = DetailView.xib;
			path = StackPad;
			sourceTree = "<group>";
		};
/* End PBXVariantGroup section */

/* Begin XCBuildConfiguration section */
		7352AB4D13AA4C8600B65CBF /* Debug */ = {
			isa = XCBuildConfiguration;
			buildSettings = {
				ARCHS = "$(ARCHS_UNIVERSAL_IPHONE_OS)";
				"CODE_SIGN_IDENTITY[sdk=iphoneos*]" = "iPhone Developer";
				GCC_C_LANGUAGE_STANDARD = gnu99;
				GCC_OPTIMIZATION_LEVEL = 0;
				GCC_PREPROCESSOR_DEFINITIONS = DEBUG;
				GCC_SYMBOLS_PRIVATE_EXTERN = NO;
				GCC_VERSION = com.apple.compilers.llvmgcc42;
				GCC_WARN_ABOUT_RETURN_TYPE = YES;
				GCC_WARN_UNUSED_VARIABLE = YES;
				IPHONEOS_DEPLOYMENT_TARGET = 4.3;
				SDKROOT = iphoneos;
				TARGETED_DEVICE_FAMILY = 2;
			};
			name = Debug;
		};
		7352AB4E13AA4C8600B65CBF /* Release */ = {
			isa = XCBuildConfiguration;
			buildSettings = {
				ARCHS = "$(ARCHS_UNIVERSAL_IPHONE_OS)";
				"CODE_SIGN_IDENTITY[sdk=iphoneos*]" = "iPhone Developer";
				GCC_C_LANGUAGE_STANDARD = gnu99;
				GCC_VERSION = com.apple.compilers.llvmgcc42;
				GCC_WARN_ABOUT_RETURN_TYPE = YES;
				GCC_WARN_UNUSED_VARIABLE = YES;
				IPHONEOS_DEPLOYMENT_TARGET = 4.3;
				OTHER_CFLAGS = "-DNS_BLOCK_ASSERTIONS=1";
				SDKROOT = iphoneos;
				TARGETED_DEVICE_FAMILY = 2;
			};
			name = Release;
		};
		7352AB5013AA4C8600B65CBF /* Debug */ = {
			isa = XCBuildConfiguration;
			buildSettings = {
				ALWAYS_SEARCH_USER_PATHS = NO;
				COPY_PHASE_STRIP = NO;
				GCC_DYNAMIC_NO_PIC = NO;
				GCC_PRECOMPILE_PREFIX_HEADER = YES;
				GCC_PREFIX_HEADER = "StackPad/StackPad-Prefix.pch";
				INFOPLIST_FILE = "StackPad/StackPad-Info.plist";
				PRODUCT_NAME = "$(TARGET_NAME)";
				WRAPPER_EXTENSION = app;
			};
			name = Debug;
		};
		7352AB5113AA4C8600B65CBF /* Release */ = {
			isa = XCBuildConfiguration;
			buildSettings = {
				ALWAYS_SEARCH_USER_PATHS = NO;
				COPY_PHASE_STRIP = YES;
				GCC_PRECOMPILE_PREFIX_HEADER = YES;
				GCC_PREFIX_HEADER = "StackPad/StackPad-Prefix.pch";
				INFOPLIST_FILE = "StackPad/StackPad-Info.plist";
				PRODUCT_NAME = "$(TARGET_NAME)";
				VALIDATE_PRODUCT = YES;
				WRAPPER_EXTENSION = app;
			};
			name = Release;
		};
/* End XCBuildConfiguration section */

/* Begin XCConfigurationList section */
		7352AB2513AA4C8500B65CBF /* Build configuration list for PBXProject "StackPad" */ = {
			isa = XCConfigurationList;
			buildConfigurations = (
				7352AB4D13AA4C8600B65CBF /* Debug */,
				7352AB4E13AA4C8600B65CBF /* Release */,
			);
			defaultConfigurationIsVisible = 0;
			defaultConfigurationName = Release;
		};
		7352AB4F13AA4C8600B65CBF /* Build configuration list for PBXNativeTarget "StackPad" */ = {
			isa = XCConfigurationList;
			buildConfigurations = (
				7352AB5013AA4C8600B65CBF /* Debug */,
				7352AB5113AA4C8600B65CBF /* Release */,
			);
			defaultConfigurationIsVisible = 0;
			defaultConfigurationName = Release;
		};
/* End XCConfigurationList section */
	};
	rootObject = 7352AB2213AA4C8500B65CBF /* Project object */;
}
